
Microsoft Visual Studio Solution File, Format Version 12.00
# Visual Studio Version 17
VisualStudioVersion = 17.0.31903.59
MinimumVisualStudioVersion = 10.0.40219.1
Project("{FAE04EC0-301F-11D3-BF4B-00C04F79EFBC}") = "UniversityManagement.Domain", "UniversityManagement.Domain\UniversityManagement.Domain.csproj", "{CE39ED91-208E-4E79-A1A8-A582C0FCB5F6}"
EndProject
Project("{FAE04EC0-301F-11D3-BF4B-00C04F79EFBC}") = "UniversityManagement.Application", "UniversityManagement.Application\UniversityManagement.Application.csproj", "{6D2DA6E4-2E9E-4D0A-AD0E-0BDAA2DDCBC6}"
EndProject
Project("{FAE04EC0-301F-11D3-BF4B-00C04F79EFBC}") = "UniversityManagement.Infrastructure", "UniversityManagement.Infrastructure\UniversityManagement.Infrastructure.csproj", "{A3172F93-A7C9-4894-BE05-BA99CD41A70B}"
EndProject
Project("{FAE04EC0-301F-11D3-BF4B-00C04F79EFBC}") = "UniversityManagement.WebApi", "UniversityManagement.WebApi\UniversityManagement.WebApi.csproj", "{84CE67E8-A174-40DD-B029-AE304575E522}"
EndProject
Global
	GlobalSection(SolutionConfigurationPlatforms) = preSolution
		Debug|Any CPU = Debug|Any CPU
		Debug|x64 = Debug|x64
		Debug|x86 = Debug|x86
		Release|Any CPU = Release|Any CPU
		Release|x64 = Release|x64
		Release|x86 = Release|x86
	EndGlobalSection
	GlobalSection(ProjectConfigurationPlatforms) = postSolution
		{CE39ED91-208E-4E79-A1A8-A582C0FCB5F6}.Debug|Any CPU.ActiveCfg = Debug|Any CPU
		{CE39ED91-208E-4E79-A1A8-A582C0FCB5F6}.Debug|Any CPU.Build.0 = Debug|Any CPU
		{CE39ED91-208E-4E79-A1A8-A582C0FCB5F6}.Debug|x64.ActiveCfg = Debug|Any CPU
		{CE39ED91-208E-4E79-A1A8-A582C0FCB5F6}.Debug|x64.Build.0 = Debug|Any CPU
		{CE39ED91-208E-4E79-A1A8-A582C0FCB5F6}.Debug|x86.ActiveCfg = Debug|Any CPU
		{CE39ED91-208E-4E79-A1A8-A582C0FCB5F6}.Debug|x86.Build.0 = Debug|Any CPU
		{CE39ED91-208E-4E79-A1A8-A582C0FCB5F6}.Release|Any CPU.ActiveCfg = Release|Any CPU
		{CE39ED91-208E-4E79-A1A8-A582C0FCB5F6}.Release|Any CPU.Build.0 = Release|Any CPU
		{CE39ED91-208E-4E79-A1A8-A582C0FCB5F6}.Release|x64.ActiveCfg = Release|Any CPU
		{CE39ED91-208E-4E79-A1A8-A582C0FCB5F6}.Release|x64.Build.0 = Release|Any CPU
		{CE39ED91-208E-4E79-A1A8-A582C0FCB5F6}.Release|x86.ActiveCfg = Release|Any CPU
		{CE39ED91-208E-4E79-A1A8-A582C0FCB5F6}.Release|x86.Build.0 = Release|Any CPU
		{6D2DA6E4-2E9E-4D0A-AD0E-0BDAA2DDCBC6}.Debug|Any CPU.ActiveCfg = Debug|Any CPU
		{6D2DA6E4-2E9E-4D0A-AD0E-0BDAA2DDCBC6}.Debug|Any CPU.Build.0 = Debug|Any CPU
		{6D2DA6E4-2E9E-4D0A-AD0E-0BDAA2DDCBC6}.Debug|x64.ActiveCfg = Debug|Any CPU
		{6D2DA6E4-2E9E-4D0A-AD0E-0BDAA2DDCBC6}.Debug|x64.Build.0 = Debug|Any CPU
		{6D2DA6E4-2E9E-4D0A-AD0E-0BDAA2DDCBC6}.Debug|x86.ActiveCfg = Debug|Any CPU
		{6D2DA6E4-2E9E-4D0A-AD0E-0BDAA2DDCBC6}.Debug|x86.Build.0 = Debug|Any CPU
		{6D2DA6E4-2E9E-4D0A-AD0E-0BDAA2DDCBC6}.Release|Any CPU.ActiveCfg = Release|Any CPU
		{6D2DA6E4-2E9E-4D0A-AD0E-0BDAA2DDCBC6}.Release|Any CPU.Build.0 = Release|Any CPU
		{6D2DA6E4-2E9E-4D0A-AD0E-0BDAA2DDCBC6}.Release|x64.ActiveCfg = Release|Any CPU
		{6D2DA6E4-2E9E-4D0A-AD0E-0BDAA2DDCBC6}.Release|x64.Build.0 = Release|Any CPU
		{6D2DA6E4-2E9E-4D0A-AD0E-0BDAA2DDCBC6}.Release|x86.ActiveCfg = Release|Any CPU
		{6D2DA6E4-2E9E-4D0A-AD0E-0BDAA2DDCBC6}.Release|x86.Build.0 = Release|Any CPU
		{A3172F93-A7C9-4894-BE05-BA99CD41A70B}.Debug|Any CPU.ActiveCfg = Debug|Any CPU
		{A3172F93-A7C9-4894-BE05-BA99CD41A70B}.Debug|Any CPU.Build.0 = Debug|Any CPU
		{A3172F93-A7C9-4894-BE05-BA99CD41A70B}.Debug|x64.ActiveCfg = Debug|Any CPU
		{A3172F93-A7C9-4894-BE05-BA99CD41A70B}.Debug|x64.Build.0 = Debug|Any CPU
		{A3172F93-A7C9-4894-BE05-BA99CD41A70B}.Debug|x86.ActiveCfg = Debug|Any CPU
		{A3172F93-A7C9-4894-BE05-BA99CD41A70B}.Debug|x86.Build.0 = Debug|Any CPU
		{A3172F93-A7C9-4894-BE05-BA99CD41A70B}.Release|Any CPU.ActiveCfg = Release|Any CPU
		{A3172F93-A7C9-4894-BE05-BA99CD41A70B}.Release|Any CPU.Build.0 = Release|Any CPU
		{A3172F93-A7C9-4894-BE05-BA99CD41A70B}.Release|x64.ActiveCfg = Release|Any CPU
		{A3172F93-A7C9-4894-BE05-BA99CD41A70B}.Release|x64.Build.0 = Release|Any CPU
		{A3172F93-A7C9-4894-BE05-BA99CD41A70B}.Release|x86.ActiveCfg = Release|Any CPU
		{A3172F93-A7C9-4894-BE05-BA99CD41A70B}.Release|x86.Build.0 = Release|Any CPU
		{84CE67E8-A174-40DD-B029-AE304575E522}.Debug|Any CPU.ActiveCfg = Debug|Any CPU
		{84CE67E8-A174-40DD-B029-AE304575E522}.Debug|Any CPU.Build.0 = Debug|Any CPU
		{84CE67E8-A174-40DD-B029-AE304575E522}.Debug|x64.ActiveCfg = Debug|Any CPU
		{84CE67E8-A174-40DD-B029-AE304575E522}.Debug|x64.Build.0 = Debug|Any CPU
		{84CE67E8-A174-40DD-B029-AE304575E522}.Debug|x86.ActiveCfg = Debug|Any CPU
		{84CE67E8-A174-40DD-B029-AE304575E522}.Debug|x86.Build.0 = Debug|Any CPU
		{84CE67E8-A174-40DD-B029-AE304575E522}.Release|Any CPU.ActiveCfg = Release|Any CPU
		{84CE67E8-A174-40DD-B029-AE304575E522}.Release|Any CPU.Build.0 = Release|Any CPU
		{84CE67E8-A174-40DD-B029-AE304575E522}.Release|x64.ActiveCfg = Release|Any CPU
		{84CE67E8-A174-40DD-B029-AE304575E522}.Release|x64.Build.0 = Release|Any CPU
		{84CE67E8-A174-40DD-B029-AE304575E522}.Release|x86.ActiveCfg = Release|Any CPU
		{84CE67E8-A174-40DD-B029-AE304575E522}.Release|x86.Build.0 = Release|Any CPU
	EndGlobalSection
	GlobalSection(SolutionProperties) = preSolution
		HideSolutionNode = FALSE
	EndGlobalSection
EndGlobal
